
Microsoft Visual Studio Solution File, Format Version 12.00
# Visual Studio Version 17
VisualStudioVersion = 17.0.31903.59
MinimumVisualStudioVersion = 10.0.40219.1
Project("{2150E333-8FDC-42A3-9474-1A3956D46DE8}") = "src", "src", "{E66D9804-81AF-4BCD-BC8C-5D5F146F0B0F}"
EndProject
Project("{2150E333-8FDC-42A3-9474-1A3956D46DE8}") = "Solution Items", "Solution Items", "{096600CC-EEAC-46B7-AAB9-E02A1DBE72E0}"
	ProjectSection(SolutionItems) = preProject
		.env = .env
	EndProjectSection
EndProject
Project("{2150E333-8FDC-42A3-9474-1A3956D46DE8}") = "tests", "tests", "{52D1B89A-1A30-417F-8AC7-6814D0D7E1C3}"
EndProject
Project("{2150E333-8FDC-42A3-9474-1A3956D46DE8}") = "ApiGateways", "ApiGateways", "{14B951F2-5053-49D7-AC48-45FB31E8532A}"
EndProject
Project("{2150E333-8FDC-42A3-9474-1A3956D46DE8}") = "Services", "Services", "{4F9B54BE-718F-42C8-8159-B74688ED43BB}"
EndProject
Project("{2150E333-8FDC-42A3-9474-1A3956D46DE8}") = "Bff", "Bff", "{759B20CA-AFCB-4B1B-9576-BF6B564830F4}"
EndProject
Project("{2150E333-8FDC-42A3-9474-1A3956D46DE8}") = "Envoy", "Envoy", "{DB11BA83-34EF-4196-BF92-F48BE8C15BD3}"
EndProject
Project("{2150E333-8FDC-42A3-9474-1A3956D46DE8}") = "config", "config", "{926D8160-0A3A-4FBF-B60E-DD03FAB3B570}"
	ProjectSection(SolutionItems) = preProject
		ApiGateways\Envoy\config\web-chat-envoy.yml = ApiGateways\Envoy\config\web-chat-envoy.yml
	EndProjectSection
EndProject
Project("{2150E333-8FDC-42A3-9474-1A3956D46DE8}") = "BuildingBlocks", "BuildingBlocks", "{4D1AA690-2189-480B-B527-41ECCCA88141}"
EndProject
Project("{2150E333-8FDC-42A3-9474-1A3956D46DE8}") = "EventBus", "EventBus", "{E6297855-EB75-45CF-B11A-553BC9241892}"
EndProject
Project("{2150E333-8FDC-42A3-9474-1A3956D46DE8}") = "Caching", "Caching", "{FB65871D-DB17-4B46-AD99-0E2E72514F65}"
EndProject
Project("{9A19103F-16F7-4668-BE54-9A1E7A4F7556}") = "DeepIn.Caching", "BuildingBlocks\Caching\DeepIn.Caching\DeepIn.Caching.csproj", "{BFDF3886-406E-4C44-969D-7BCBC37D4444}"
EndProject
Project("{9A19103F-16F7-4668-BE54-9A1E7A4F7556}") = "DeepIn.Caching.Redis", "BuildingBlocks\Caching\DeepIn.Caching.Redis\DeepIn.Caching.Redis.csproj", "{68EEA2E2-5F53-4076-B0C9-DFFB911B009C}"
EndProject
Project("{2150E333-8FDC-42A3-9474-1A3956D46DE8}") = "DDD", "DDD", "{0078D670-B90B-4768-BEE5-648B715CF935}"
EndProject
Project("{9A19103F-16F7-4668-BE54-9A1E7A4F7556}") = "DeepIn.Domain", "BuildingBlocks\DDD\DeepIn.Domain\DeepIn.Domain.csproj", "{ABA85FE7-2584-4F79-A9EE-59217E05C565}"
EndProject
Project("{9A19103F-16F7-4668-BE54-9A1E7A4F7556}") = "DeepIn.Application", "BuildingBlocks\DDD\DeepIn.Application\DeepIn.Application.csproj", "{9113B9F2-B3CC-4DF7-97F8-9786C1C706F9}"
EndProject
Project("{9A19103F-16F7-4668-BE54-9A1E7A4F7556}") = "DeepIn.Infrastructure", "BuildingBlocks\DDD\DeepIn.Infrastructure\DeepIn.Infrastructure.csproj", "{F2F84828-F889-4712-BD5B-BD9BF1B513A1}"
EndProject
Project("{9A19103F-16F7-4668-BE54-9A1E7A4F7556}") = "DeepIn.EventBus", "BuildingBlocks\EventBus\DeepIn.EventBus\DeepIn.EventBus.csproj", "{85E8937B-8DF7-47F5-8CB1-C254D1B68278}"
EndProject
Project("{9A19103F-16F7-4668-BE54-9A1E7A4F7556}") = "DeepIn.EventBus.RabbitMQ", "BuildingBlocks\EventBus\DeepIn.EventBus.RabbitMQ\DeepIn.EventBus.RabbitMQ.csproj", "{657CAB4D-D026-41FD-9231-A4562EA48F59}"
EndProject
Project("{2150E333-8FDC-42A3-9474-1A3956D46DE8}") = "BlobStorage", "BlobStorage", "{FEFA9489-ABB2-49F1-8819-46C150CF50B8}"
EndProject
Project("{9A19103F-16F7-4668-BE54-9A1E7A4F7556}") = "DeepIn.BlobStorage.API", "Services\BlobStorage\DeepIn.BlobStorage.API\DeepIn.BlobStorage.API.csproj", "{1CAEEE4D-9A2E-481C-BD45-8625E4B24D7B}"
EndProject
Project("{2150E333-8FDC-42A3-9474-1A3956D46DE8}") = "Chatting", "Chatting", "{C2D9301A-71C8-4FE9-9F86-FE53224232EB}"
EndProject
Project("{9A19103F-16F7-4668-BE54-9A1E7A4F7556}") = "DeepIn.Chatting.Domain", "Services\Chatting\DeepIn.Chatting.Domain\DeepIn.Chatting.Domain.csproj", "{6CD6407B-FC74-4C41-AC46-773784EE2A4F}"
EndProject
Project("{9A19103F-16F7-4668-BE54-9A1E7A4F7556}") = "DeepIn.Chatting.Application", "Services\Chatting\DeepIn.Chatting.Application\DeepIn.Chatting.Application.csproj", "{7716C53D-FF11-4D3F-859D-7B753125A02B}"
EndProject
Project("{9A19103F-16F7-4668-BE54-9A1E7A4F7556}") = "DeepIn.Chatting.Infrastructure", "Services\Chatting\DeepIn.Chatting.Infrastructure\DeepIn.Chatting.Infrastructure.csproj", "{C6A2B003-FBA8-4ED3-BD3E-17072AECF97D}"
EndProject
Project("{2150E333-8FDC-42A3-9474-1A3956D46DE8}") = "Emailing", "Emailing", "{5052D46B-8D66-47C4-9662-33AFDC3C44F9}"
EndProject
Project("{2150E333-8FDC-42A3-9474-1A3956D46DE8}") = "Identity", "Identity", "{3A7922FB-C077-402A-9EED-978AAF7AD912}"
EndProject
Project("{2150E333-8FDC-42A3-9474-1A3956D46DE8}") = "Messaging", "Messaging", "{9B9B88D4-5DB2-4D77-95A4-5FDAD9C8BBE5}"
EndProject
Project("{9A19103F-16F7-4668-BE54-9A1E7A4F7556}") = "DeepIn.Identity.Domain", "Services\Identity\DeepIn.Identity.Domain\DeepIn.Identity.Domain.csproj", "{86958C1F-DB1C-4B41-AF2D-A68AC365EBBD}"
EndProject
Project("{9A19103F-16F7-4668-BE54-9A1E7A4F7556}") = "DeepIn.Identity.Application", "Services\Identity\DeepIn.Identity.Application\DeepIn.Identity.Application.csproj", "{7C952F74-E0A2-492C-AA47-B68304AEE7FC}"
EndProject
Project("{9A19103F-16F7-4668-BE54-9A1E7A4F7556}") = "DeepIn.Identity.Infrastructure", "Services\Identity\DeepIn.Identity.Infrastructure\DeepIn.Identity.Infrastructure.csproj", "{A44C27D7-3FB4-4C09-A499-72F5C767EB04}"
EndProject
Project("{9A19103F-16F7-4668-BE54-9A1E7A4F7556}") = "DeepIn.Messaging.API", "Services\Messaging\DeepIn.Messaging.API\DeepIn.Messaging.API.csproj", "{B467989B-224F-4FF8-BE51-9B590244CF71}"
EndProject
Project("{9A19103F-16F7-4668-BE54-9A1E7A4F7556}") = "DeepIn.Identity.API", "Services\Identity\DeepIn.Identity.API\DeepIn.Identity.API.csproj", "{BF3AFBC6-56CB-46BE-9A62-E8F1FDBBB35D}"
EndProject
Project("{9A19103F-16F7-4668-BE54-9A1E7A4F7556}") = "DeepIn.Chatting.API", "Services\Chatting\DeepIn.Chatting.API\DeepIn.Chatting.API.csproj", "{709C929F-0A30-4384-8B76-BA25578211CD}"
EndProject
Project("{9A19103F-16F7-4668-BE54-9A1E7A4F7556}") = "DeepIn.Emailing.API", "Services\Emailing\DeepIn.Emailing.API\DeepIn.Emailing.API.csproj", "{1C7D21D8-CE3A-45CE-B12C-8D5887DAF4A9}"
EndProject
Project("{2150E333-8FDC-42A3-9474-1A3956D46DE8}") = "Common", "Common", "{A6F40C6D-AD53-4DDF-AAA5-C1ACDC516688}"
EndProject
Project("{9A19103F-16F7-4668-BE54-9A1E7A4F7556}") = "DeepIn.Service.Common", "BuildingBlocks\Common\DeepIn.Service.Common\DeepIn.Service.Common.csproj", "{75E70C88-D4E7-4294-BC2A-43C0F75908A0}"
EndProject
Project("{9A19103F-16F7-4668-BE54-9A1E7A4F7556}") = "DeepIn.EventBus.Shared", "BuildingBlocks\EventBus\DeepIn.EventBus.Shared\DeepIn.EventBus.Shared.csproj", "{F5B51C4B-4455-4ECB-A181-FCFF0BAD1290}"
EndProject
Project("{9A19103F-16F7-4668-BE54-9A1E7A4F7556}") = "DeepIn.Identity.Server.Web", "Services\Identity\DeepIn.Identity.Server.Web\DeepIn.Identity.Server.Web.csproj", "{D9DECFB8-CAC3-489E-B7A6-F2B4A29ABE9E}"
EndProject
Project("{2150E333-8FDC-42A3-9474-1A3956D46DE8}") = "Contacts", "Contacts", "{47F00CB5-4287-492E-A089-0A6D369813DD}"
EndProject
Project("{9A19103F-16F7-4668-BE54-9A1E7A4F7556}") = "DeepIn.Contacts.API", "Services\Contacts\DeepIn.Contacts.API\DeepIn.Contacts.API.csproj", "{C9237925-590E-4904-9455-ADFAD2C0B42F}"
EndProject
Project("{9A19103F-16F7-4668-BE54-9A1E7A4F7556}") = "DeepIn.Chatting.SignalrHub", "Services\Chatting\DeepIn.Chatting.SignalrHub\DeepIn.Chatting.SignalrHub.csproj", "{42C6DC78-CC17-4FC7-9C11-23CE22D2B1FE}"
EndProject
Project("{9A19103F-16F7-4668-BE54-9A1E7A4F7556}") = "DeepIn.Identity.Server.API", "Services\Identity\DeepIn.Identity.Server.API\DeepIn.Identity.Server.API.csproj", "{586758CD-BE09-4E40-BC97-FC399A16F48F}"
EndProject
Project("{E53339B2-1760-4266-BCC7-CA923CBCF16C}") = "docker-compose", "docker-compose.dcproj", "{9205B3B2-5038-4907-A12F-C6315AFC2C3C}"
EndProject
Project("{9A19103F-16F7-4668-BE54-9A1E7A4F7556}") = "DeepIn.Chatting.BackgroundTasks", "Services\Chatting\DeepIn.Chatting.BackgroundTasks\DeepIn.Chatting.BackgroundTasks.csproj", "{60D91B1B-3589-4817-A204-878F23D9C356}"
EndProject
Project("{FAE04EC0-301F-11D3-BF4B-00C04F79EFBC}") = "DeepIn.WebChat.HttpAggregator", "ApiGateways\Bff\DeepIn.WebChat.HttpAggregator\DeepIn.WebChat.HttpAggregator.csproj", "{322A6615-DF24-4DD3-952C-9E7238CF8EF6}"
EndProject
Global
	GlobalSection(SolutionConfigurationPlatforms) = preSolution
		Debug|Any CPU = Debug|Any CPU
		Release|Any CPU = Release|Any CPU
	EndGlobalSection
	GlobalSection(ProjectConfigurationPlatforms) = postSolution
		{BFDF3886-406E-4C44-969D-7BCBC37D4444}.Debug|Any CPU.ActiveCfg = Debug|Any CPU
		{BFDF3886-406E-4C44-969D-7BCBC37D4444}.Debug|Any CPU.Build.0 = Debug|Any CPU
		{BFDF3886-406E-4C44-969D-7BCBC37D4444}.Release|Any CPU.ActiveCfg = Release|Any CPU
		{BFDF3886-406E-4C44-969D-7BCBC37D4444}.Release|Any CPU.Build.0 = Release|Any CPU
		{68EEA2E2-5F53-4076-B0C9-DFFB911B009C}.Debug|Any CPU.ActiveCfg = Debug|Any CPU
		{68EEA2E2-5F53-4076-B0C9-DFFB911B009C}.Debug|Any CPU.Build.0 = Debug|Any CPU
		{68EEA2E2-5F53-4076-B0C9-DFFB911B009C}.Release|Any CPU.ActiveCfg = Release|Any CPU
		{68EEA2E2-5F53-4076-B0C9-DFFB911B009C}.Release|Any CPU.Build.0 = Release|Any CPU
		{ABA85FE7-2584-4F79-A9EE-59217E05C565}.Debug|Any CPU.ActiveCfg = Debug|Any CPU
		{ABA85FE7-2584-4F79-A9EE-59217E05C565}.Debug|Any CPU.Build.0 = Debug|Any CPU
		{ABA85FE7-2584-4F79-A9EE-59217E05C565}.Release|Any CPU.ActiveCfg = Release|Any CPU
		{ABA85FE7-2584-4F79-A9EE-59217E05C565}.Release|Any CPU.Build.0 = Release|Any CPU
		{9113B9F2-B3CC-4DF7-97F8-9786C1C706F9}.Debug|Any CPU.ActiveCfg = Debug|Any CPU
		{9113B9F2-B3CC-4DF7-97F8-9786C1C706F9}.Debug|Any CPU.Build.0 = Debug|Any CPU
		{9113B9F2-B3CC-4DF7-97F8-9786C1C706F9}.Release|Any CPU.ActiveCfg = Release|Any CPU
		{9113B9F2-B3CC-4DF7-97F8-9786C1C706F9}.Release|Any CPU.Build.0 = Release|Any CPU
		{F2F84828-F889-4712-BD5B-BD9BF1B513A1}.Debug|Any CPU.ActiveCfg = Debug|Any CPU
		{F2F84828-F889-4712-BD5B-BD9BF1B513A1}.Debug|Any CPU.Build.0 = Debug|Any CPU
		{F2F84828-F889-4712-BD5B-BD9BF1B513A1}.Release|Any CPU.ActiveCfg = Release|Any CPU
		{F2F84828-F889-4712-BD5B-BD9BF1B513A1}.Release|Any CPU.Build.0 = Release|Any CPU
		{85E8937B-8DF7-47F5-8CB1-C254D1B68278}.Debug|Any CPU.ActiveCfg = Debug|Any CPU
		{85E8937B-8DF7-47F5-8CB1-C254D1B68278}.Debug|Any CPU.Build.0 = Debug|Any CPU
		{85E8937B-8DF7-47F5-8CB1-C254D1B68278}.Release|Any CPU.ActiveCfg = Release|Any CPU
		{85E8937B-8DF7-47F5-8CB1-C254D1B68278}.Release|Any CPU.Build.0 = Release|Any CPU
		{657CAB4D-D026-41FD-9231-A4562EA48F59}.Debug|Any CPU.ActiveCfg = Debug|Any CPU
		{657CAB4D-D026-41FD-9231-A4562EA48F59}.Debug|Any CPU.Build.0 = Debug|Any CPU
		{657CAB4D-D026-41FD-9231-A4562EA48F59}.Release|Any CPU.ActiveCfg = Release|Any CPU
		{657CAB4D-D026-41FD-9231-A4562EA48F59}.Release|Any CPU.Build.0 = Release|Any CPU
		{1CAEEE4D-9A2E-481C-BD45-8625E4B24D7B}.Debug|Any CPU.ActiveCfg = Debug|Any CPU
		{1CAEEE4D-9A2E-481C-BD45-8625E4B24D7B}.Debug|Any CPU.Build.0 = Debug|Any CPU
		{1CAEEE4D-9A2E-481C-BD45-8625E4B24D7B}.Release|Any CPU.ActiveCfg = Release|Any CPU
		{1CAEEE4D-9A2E-481C-BD45-8625E4B24D7B}.Release|Any CPU.Build.0 = Release|Any CPU
		{6CD6407B-FC74-4C41-AC46-773784EE2A4F}.Debug|Any CPU.ActiveCfg = Debug|Any CPU
		{6CD6407B-FC74-4C41-AC46-773784EE2A4F}.Debug|Any CPU.Build.0 = Debug|Any CPU
		{6CD6407B-FC74-4C41-AC46-773784EE2A4F}.Release|Any CPU.ActiveCfg = Release|Any CPU
		{6CD6407B-FC74-4C41-AC46-773784EE2A4F}.Release|Any CPU.Build.0 = Release|Any CPU
		{7716C53D-FF11-4D3F-859D-7B753125A02B}.Debug|Any CPU.ActiveCfg = Debug|Any CPU
		{7716C53D-FF11-4D3F-859D-7B753125A02B}.Debug|Any CPU.Build.0 = Debug|Any CPU
		{7716C53D-FF11-4D3F-859D-7B753125A02B}.Release|Any CPU.ActiveCfg = Release|Any CPU
		{7716C53D-FF11-4D3F-859D-7B753125A02B}.Release|Any CPU.Build.0 = Release|Any CPU
		{C6A2B003-FBA8-4ED3-BD3E-17072AECF97D}.Debug|Any CPU.ActiveCfg = Debug|Any CPU
		{C6A2B003-FBA8-4ED3-BD3E-17072AECF97D}.Debug|Any CPU.Build.0 = Debug|Any CPU
		{C6A2B003-FBA8-4ED3-BD3E-17072AECF97D}.Release|Any CPU.ActiveCfg = Release|Any CPU
		{C6A2B003-FBA8-4ED3-BD3E-17072AECF97D}.Release|Any CPU.Build.0 = Release|Any CPU
		{86958C1F-DB1C-4B41-AF2D-A68AC365EBBD}.Debug|Any CPU.ActiveCfg = Debug|Any CPU
		{86958C1F-DB1C-4B41-AF2D-A68AC365EBBD}.Debug|Any CPU.Build.0 = Debug|Any CPU
		{86958C1F-DB1C-4B41-AF2D-A68AC365EBBD}.Release|Any CPU.ActiveCfg = Release|Any CPU
		{86958C1F-DB1C-4B41-AF2D-A68AC365EBBD}.Release|Any CPU.Build.0 = Release|Any CPU
		{7C952F74-E0A2-492C-AA47-B68304AEE7FC}.Debug|Any CPU.ActiveCfg = Debug|Any CPU
		{7C952F74-E0A2-492C-AA47-B68304AEE7FC}.Debug|Any CPU.Build.0 = Debug|Any CPU
		{7C952F74-E0A2-492C-AA47-B68304AEE7FC}.Release|Any CPU.ActiveCfg = Release|Any CPU
		{7C952F74-E0A2-492C-AA47-B68304AEE7FC}.Release|Any CPU.Build.0 = Release|Any CPU
		{A44C27D7-3FB4-4C09-A499-72F5C767EB04}.Debug|Any CPU.ActiveCfg = Debug|Any CPU
		{A44C27D7-3FB4-4C09-A499-72F5C767EB04}.Debug|Any CPU.Build.0 = Debug|Any CPU
		{A44C27D7-3FB4-4C09-A499-72F5C767EB04}.Release|Any CPU.ActiveCfg = Release|Any CPU
		{A44C27D7-3FB4-4C09-A499-72F5C767EB04}.Release|Any CPU.Build.0 = Release|Any CPU
		{B467989B-224F-4FF8-BE51-9B590244CF71}.Debug|Any CPU.ActiveCfg = Debug|Any CPU
		{B467989B-224F-4FF8-BE51-9B590244CF71}.Debug|Any CPU.Build.0 = Debug|Any CPU
		{B467989B-224F-4FF8-BE51-9B590244CF71}.Release|Any CPU.ActiveCfg = Release|Any CPU
		{B467989B-224F-4FF8-BE51-9B590244CF71}.Release|Any CPU.Build.0 = Release|Any CPU
		{BF3AFBC6-56CB-46BE-9A62-E8F1FDBBB35D}.Debug|Any CPU.ActiveCfg = Debug|Any CPU
		{BF3AFBC6-56CB-46BE-9A62-E8F1FDBBB35D}.Debug|Any CPU.Build.0 = Debug|Any CPU
		{BF3AFBC6-56CB-46BE-9A62-E8F1FDBBB35D}.Release|Any CPU.ActiveCfg = Release|Any CPU
		{BF3AFBC6-56CB-46BE-9A62-E8F1FDBBB35D}.Release|Any CPU.Build.0 = Release|Any CPU
		{709C929F-0A30-4384-8B76-BA25578211CD}.Debug|Any CPU.ActiveCfg = Debug|Any CPU
		{709C929F-0A30-4384-8B76-BA25578211CD}.Debug|Any CPU.Build.0 = Debug|Any CPU
		{709C929F-0A30-4384-8B76-BA25578211CD}.Release|Any CPU.ActiveCfg = Release|Any CPU
		{709C929F-0A30-4384-8B76-BA25578211CD}.Release|Any CPU.Build.0 = Release|Any CPU
		{1C7D21D8-CE3A-45CE-B12C-8D5887DAF4A9}.Debug|Any CPU.ActiveCfg = Debug|Any CPU
		{1C7D21D8-CE3A-45CE-B12C-8D5887DAF4A9}.Debug|Any CPU.Build.0 = Debug|Any CPU
		{1C7D21D8-CE3A-45CE-B12C-8D5887DAF4A9}.Release|Any CPU.ActiveCfg = Release|Any CPU
		{1C7D21D8-CE3A-45CE-B12C-8D5887DAF4A9}.Release|Any CPU.Build.0 = Release|Any CPU
		{75E70C88-D4E7-4294-BC2A-43C0F75908A0}.Debug|Any CPU.ActiveCfg = Debug|Any CPU
		{75E70C88-D4E7-4294-BC2A-43C0F75908A0}.Debug|Any CPU.Build.0 = Debug|Any CPU
		{75E70C88-D4E7-4294-BC2A-43C0F75908A0}.Release|Any CPU.ActiveCfg = Release|Any CPU
		{75E70C88-D4E7-4294-BC2A-43C0F75908A0}.Release|Any CPU.Build.0 = Release|Any CPU
		{F5B51C4B-4455-4ECB-A181-FCFF0BAD1290}.Debug|Any CPU.ActiveCfg = Debug|Any CPU
		{F5B51C4B-4455-4ECB-A181-FCFF0BAD1290}.Debug|Any CPU.Build.0 = Debug|Any CPU
		{F5B51C4B-4455-4ECB-A181-FCFF0BAD1290}.Release|Any CPU.ActiveCfg = Release|Any CPU
		{F5B51C4B-4455-4ECB-A181-FCFF0BAD1290}.Release|Any CPU.Build.0 = Release|Any CPU
		{D9DECFB8-CAC3-489E-B7A6-F2B4A29ABE9E}.Debug|Any CPU.ActiveCfg = Debug|Any CPU
		{D9DECFB8-CAC3-489E-B7A6-F2B4A29ABE9E}.Debug|Any CPU.Build.0 = Debug|Any CPU
		{D9DECFB8-CAC3-489E-B7A6-F2B4A29ABE9E}.Release|Any CPU.ActiveCfg = Release|Any CPU
		{D9DECFB8-CAC3-489E-B7A6-F2B4A29ABE9E}.Release|Any CPU.Build.0 = Release|Any CPU
		{C9237925-590E-4904-9455-ADFAD2C0B42F}.Debug|Any CPU.ActiveCfg = Debug|Any CPU
		{C9237925-590E-4904-9455-ADFAD2C0B42F}.Debug|Any CPU.Build.0 = Debug|Any CPU
		{C9237925-590E-4904-9455-ADFAD2C0B42F}.Release|Any CPU.ActiveCfg = Release|Any CPU
		{C9237925-590E-4904-9455-ADFAD2C0B42F}.Release|Any CPU.Build.0 = Release|Any CPU
		{42C6DC78-CC17-4FC7-9C11-23CE22D2B1FE}.Debug|Any CPU.ActiveCfg = Debug|Any CPU
		{42C6DC78-CC17-4FC7-9C11-23CE22D2B1FE}.Debug|Any CPU.Build.0 = Debug|Any CPU
		{42C6DC78-CC17-4FC7-9C11-23CE22D2B1FE}.Release|Any CPU.ActiveCfg = Release|Any CPU
		{42C6DC78-CC17-4FC7-9C11-23CE22D2B1FE}.Release|Any CPU.Build.0 = Release|Any CPU
		{586758CD-BE09-4E40-BC97-FC399A16F48F}.Debug|Any CPU.ActiveCfg = Debug|Any CPU
		{586758CD-BE09-4E40-BC97-FC399A16F48F}.Debug|Any CPU.Build.0 = Debug|Any CPU
		{586758CD-BE09-4E40-BC97-FC399A16F48F}.Release|Any CPU.ActiveCfg = Release|Any CPU
		{586758CD-BE09-4E40-BC97-FC399A16F48F}.Release|Any CPU.Build.0 = Release|Any CPU
		{9205B3B2-5038-4907-A12F-C6315AFC2C3C}.Debug|Any CPU.ActiveCfg = Debug|Any CPU
		{9205B3B2-5038-4907-A12F-C6315AFC2C3C}.Debug|Any CPU.Build.0 = Debug|Any CPU
		{9205B3B2-5038-4907-A12F-C6315AFC2C3C}.Release|Any CPU.ActiveCfg = Release|Any CPU
		{9205B3B2-5038-4907-A12F-C6315AFC2C3C}.Release|Any CPU.Build.0 = Release|Any CPU
		{60D91B1B-3589-4817-A204-878F23D9C356}.Debug|Any CPU.ActiveCfg = Debug|Any CPU
		{60D91B1B-3589-4817-A204-878F23D9C356}.Debug|Any CPU.Build.0 = Debug|Any CPU
		{60D91B1B-3589-4817-A204-878F23D9C356}.Release|Any CPU.ActiveCfg = Release|Any CPU
		{60D91B1B-3589-4817-A204-878F23D9C356}.Release|Any CPU.Build.0 = Release|Any CPU
		{322A6615-DF24-4DD3-952C-9E7238CF8EF6}.Debug|Any CPU.ActiveCfg = Debug|Any CPU
		{322A6615-DF24-4DD3-952C-9E7238CF8EF6}.Debug|Any CPU.Build.0 = Debug|Any CPU
		{322A6615-DF24-4DD3-952C-9E7238CF8EF6}.Release|Any CPU.ActiveCfg = Release|Any CPU
		{322A6615-DF24-4DD3-952C-9E7238CF8EF6}.Release|Any CPU.Build.0 = Release|Any CPU
	EndGlobalSection
	GlobalSection(SolutionProperties) = preSolution
		HideSolutionNode = FALSE
	EndGlobalSection
	GlobalSection(NestedProjects) = preSolution
		{14B951F2-5053-49D7-AC48-45FB31E8532A} = {E66D9804-81AF-4BCD-BC8C-5D5F146F0B0F}
		{4F9B54BE-718F-42C8-8159-B74688ED43BB} = {E66D9804-81AF-4BCD-BC8C-5D5F146F0B0F}
		{759B20CA-AFCB-4B1B-9576-BF6B564830F4} = {14B951F2-5053-49D7-AC48-45FB31E8532A}
		{DB11BA83-34EF-4196-BF92-F48BE8C15BD3} = {14B951F2-5053-49D7-AC48-45FB31E8532A}
		{926D8160-0A3A-4FBF-B60E-DD03FAB3B570} = {DB11BA83-34EF-4196-BF92-F48BE8C15BD3}
		{4D1AA690-2189-480B-B527-41ECCCA88141} = {E66D9804-81AF-4BCD-BC8C-5D5F146F0B0F}
		{E6297855-EB75-45CF-B11A-553BC9241892} = {4D1AA690-2189-480B-B527-41ECCCA88141}
		{FB65871D-DB17-4B46-AD99-0E2E72514F65} = {4D1AA690-2189-480B-B527-41ECCCA88141}
		{BFDF3886-406E-4C44-969D-7BCBC37D4444} = {FB65871D-DB17-4B46-AD99-0E2E72514F65}
		{68EEA2E2-5F53-4076-B0C9-DFFB911B009C} = {FB65871D-DB17-4B46-AD99-0E2E72514F65}
		{0078D670-B90B-4768-BEE5-648B715CF935} = {4D1AA690-2189-480B-B527-41ECCCA88141}
		{ABA85FE7-2584-4F79-A9EE-59217E05C565} = {0078D670-B90B-4768-BEE5-648B715CF935}
		{9113B9F2-B3CC-4DF7-97F8-9786C1C706F9} = {0078D670-B90B-4768-BEE5-648B715CF935}
		{F2F84828-F889-4712-BD5B-BD9BF1B513A1} = {0078D670-B90B-4768-BEE5-648B715CF935}
		{85E8937B-8DF7-47F5-8CB1-C254D1B68278} = {E6297855-EB75-45CF-B11A-553BC9241892}
		{657CAB4D-D026-41FD-9231-A4562EA48F59} = {E6297855-EB75-45CF-B11A-553BC9241892}
		{FEFA9489-ABB2-49F1-8819-46C150CF50B8} = {4F9B54BE-718F-42C8-8159-B74688ED43BB}
		{1CAEEE4D-9A2E-481C-BD45-8625E4B24D7B} = {FEFA9489-ABB2-49F1-8819-46C150CF50B8}
		{C2D9301A-71C8-4FE9-9F86-FE53224232EB} = {4F9B54BE-718F-42C8-8159-B74688ED43BB}
		{6CD6407B-FC74-4C41-AC46-773784EE2A4F} = {C2D9301A-71C8-4FE9-9F86-FE53224232EB}
		{7716C53D-FF11-4D3F-859D-7B753125A02B} = {C2D9301A-71C8-4FE9-9F86-FE53224232EB}
		{C6A2B003-FBA8-4ED3-BD3E-17072AECF97D} = {C2D9301A-71C8-4FE9-9F86-FE53224232EB}
		{5052D46B-8D66-47C4-9662-33AFDC3C44F9} = {4F9B54BE-718F-42C8-8159-B74688ED43BB}
		{3A7922FB-C077-402A-9EED-978AAF7AD912} = {4F9B54BE-718F-42C8-8159-B74688ED43BB}
		{9B9B88D4-5DB2-4D77-95A4-5FDAD9C8BBE5} = {4F9B54BE-718F-42C8-8159-B74688ED43BB}
		{86958C1F-DB1C-4B41-AF2D-A68AC365EBBD} = {3A7922FB-C077-402A-9EED-978AAF7AD912}
		{7C952F74-E0A2-492C-AA47-B68304AEE7FC} = {3A7922FB-C077-402A-9EED-978AAF7AD912}
		{A44C27D7-3FB4-4C09-A499-72F5C767EB04} = {3A7922FB-C077-402A-9EED-978AAF7AD912}
		{B467989B-224F-4FF8-BE51-9B590244CF71} = {9B9B88D4-5DB2-4D77-95A4-5FDAD9C8BBE5}
		{BF3AFBC6-56CB-46BE-9A62-E8F1FDBBB35D} = {3A7922FB-C077-402A-9EED-978AAF7AD912}
		{709C929F-0A30-4384-8B76-BA25578211CD} = {C2D9301A-71C8-4FE9-9F86-FE53224232EB}
		{1C7D21D8-CE3A-45CE-B12C-8D5887DAF4A9} = {5052D46B-8D66-47C4-9662-33AFDC3C44F9}
		{A6F40C6D-AD53-4DDF-AAA5-C1ACDC516688} = {4D1AA690-2189-480B-B527-41ECCCA88141}
		{75E70C88-D4E7-4294-BC2A-43C0F75908A0} = {A6F40C6D-AD53-4DDF-AAA5-C1ACDC516688}
		{F5B51C4B-4455-4ECB-A181-FCFF0BAD1290} = {E6297855-EB75-45CF-B11A-553BC9241892}
		{D9DECFB8-CAC3-489E-B7A6-F2B4A29ABE9E} = {3A7922FB-C077-402A-9EED-978AAF7AD912}
		{47F00CB5-4287-492E-A089-0A6D369813DD} = {4F9B54BE-718F-42C8-8159-B74688ED43BB}
		{C9237925-590E-4904-9455-ADFAD2C0B42F} = {47F00CB5-4287-492E-A089-0A6D369813DD}
		{42C6DC78-CC17-4FC7-9C11-23CE22D2B1FE} = {C2D9301A-71C8-4FE9-9F86-FE53224232EB}
		{586758CD-BE09-4E40-BC97-FC399A16F48F} = {3A7922FB-C077-402A-9EED-978AAF7AD912}
		{60D91B1B-3589-4817-A204-878F23D9C356} = {C2D9301A-71C8-4FE9-9F86-FE53224232EB}
		{322A6615-DF24-4DD3-952C-9E7238CF8EF6} = {759B20CA-AFCB-4B1B-9576-BF6B564830F4}
	EndGlobalSection
	GlobalSection(ExtensibilityGlobals) = postSolution
		SolutionGuid = {1B7A383D-11F6-4815-B0E3-527C346865F2}
	EndGlobalSection
EndGlobal
